
Microsoft Visual Studio Solution File, Format Version 12.00
# Visual Studio Version 17
VisualStudioVersion = 17.4.33103.184
MinimumVisualStudioVersion = 10.0.40219.1
Project("{FAE04EC0-301F-11D3-BF4B-00C04F79EFBC}") = "BankApp", "BankApp.csproj", "{78CE40D1-12D4-4165-BD72-58F64E45616A}"
EndProject
Global
	GlobalSection(SolutionConfigurationPlatforms) = preSolution
		Debug|Any CPU = Debug|Any CPU
		Release|Any CPU = Release|Any CPU
	EndGlobalSection
	GlobalSection(ProjectConfigurationPlatforms) = postSolution
		{78CE40D1-12D4-4165-BD72-58F64E45616A}.Debug|Any CPU.ActiveCfg = Debug|Any CPU
		{78CE40D1-12D4-4165-BD72-58F64E45616A}.Debug|Any CPU.Build.0 = Debug|Any CPU
		{78CE40D1-12D4-4165-BD72-58F64E45616A}.Release|Any CPU.ActiveCfg = Release|Any CPU
		{78CE40D1-12D4-4165-BD72-58F64E45616A}.Release|Any CPU.Build.0 = Release|Any CPU
	EndGlobalSection
	GlobalSection(SolutionProperties) = preSolution
		HideSolutionNode = FALSE
	EndGlobalSection
	GlobalSection(ExtensibilityGlobals) = postSolution
		SolutionGuid = {15C78DE3-235B-423D-8010-15573B42AA17}
	EndGlobalSection
EndGlobal
